
Microsoft Visual Studio Solution File, Format Version 12.00
# Visual Studio Version 16
VisualStudioVersion = 16.0.28803.156
MinimumVisualStudioVersion = 10.0.40219.1
Project("{FAE04EC0-301F-11D3-BF4B-00C04F79EFBC}") = "RoyalePlus", "RoyalePlus\RoyalePlus.csproj", "{B1DC6D44-9DE8-4150-9209-F2E9B9CBE038}"
EndProject
Project("{FAE04EC0-301F-11D3-BF4B-00C04F79EFBC}") = "RoyalePlusDatos", "RoyalePlusDatos\RoyalePlusDatos.csproj", "{838E4FCD-504C-49B2-8380-D0FE6C985C6F}"
EndProject
Project("{FAE04EC0-301F-11D3-BF4B-00C04F79EFBC}") = "RoyalePlusNegocio", "RoyalePlusNegocio\RoyalePlusNegocio.csproj", "{75CC3550-C48E-4DDC-9C9F-083B878C682D}"
EndProject
Global
	GlobalSection(SolutionConfigurationPlatforms) = preSolution
		Debug|Any CPU = Debug|Any CPU
		Release|Any CPU = Release|Any CPU
	EndGlobalSection
	GlobalSection(ProjectConfigurationPlatforms) = postSolution
		{B1DC6D44-9DE8-4150-9209-F2E9B9CBE038}.Debug|Any CPU.ActiveCfg = Debug|Any CPU
		{B1DC6D44-9DE8-4150-9209-F2E9B9CBE038}.Debug|Any CPU.Build.0 = Debug|Any CPU
		{B1DC6D44-9DE8-4150-9209-F2E9B9CBE038}.Release|Any CPU.ActiveCfg = Release|Any CPU
		{B1DC6D44-9DE8-4150-9209-F2E9B9CBE038}.Release|Any CPU.Build.0 = Release|Any CPU
		{838E4FCD-504C-49B2-8380-D0FE6C985C6F}.Debug|Any CPU.ActiveCfg = Debug|Any CPU
		{838E4FCD-504C-49B2-8380-D0FE6C985C6F}.Debug|Any CPU.Build.0 = Debug|Any CPU
		{838E4FCD-504C-49B2-8380-D0FE6C985C6F}.Release|Any CPU.ActiveCfg = Release|Any CPU
		{838E4FCD-504C-49B2-8380-D0FE6C985C6F}.Release|Any CPU.Build.0 = Release|Any CPU
		{75CC3550-C48E-4DDC-9C9F-083B878C682D}.Debug|Any CPU.ActiveCfg = Debug|Any CPU
		{75CC3550-C48E-4DDC-9C9F-083B878C682D}.Debug|Any CPU.Build.0 = Debug|Any CPU
		{75CC3550-C48E-4DDC-9C9F-083B878C682D}.Release|Any CPU.ActiveCfg = Release|Any CPU
		{75CC3550-C48E-4DDC-9C9F-083B878C682D}.Release|Any CPU.Build.0 = Release|Any CPU
	EndGlobalSection
	GlobalSection(SolutionProperties) = preSolution
		HideSolutionNode = FALSE
	EndGlobalSection
	GlobalSection(ExtensibilityGlobals) = postSolution
		SolutionGuid = {1BCDFD4D-BFEE-4DAD-8B9E-6706C7530C8A}
	EndGlobalSection
EndGlobal
